
Microsoft Visual Studio Solution File, Format Version 12.00
# Visual Studio Version 17
VisualStudioVersion = 17.9.34728.123
MinimumVisualStudioVersion = 10.0.40219.1
Project("{9A19103F-16F7-4668-BE54-9A1E7A4F7556}") = "POO", "POO\POO.csproj", "{A118A00F-9152-4D67-BBE6-07DF6B62BCC8}"
EndProject
Project("{9A19103F-16F7-4668-BE54-9A1E7A4F7556}") = "Asynchrony", "Asynchrony\Asynchrony.csproj", "{D55CDE1B-57F2-4208-ABD8-6A02DF918292}"
EndProject
Project("{9A19103F-16F7-4668-BE54-9A1E7A4F7556}") = "DataTypes", "DataTypes\DataTypes.csproj", "{AD663800-A95F-455D-9D40-0AE5C9603A62}"
EndProject
Project("{9A19103F-16F7-4668-BE54-9A1E7A4F7556}") = "DesignPatterns", "DesignPatterns\DesignPatterns.csproj", "{7A817590-31C3-4458-A7C0-F2DE42C196FA}"
EndProject
Project("{9A19103F-16F7-4668-BE54-9A1E7A4F7556}") = "Linqd", "Linq\Linqd.csproj", "{7D44A6D8-06A4-41A4-B237-5F79F36FA2F3}"
EndProject
Project("{9A19103F-16F7-4668-BE54-9A1E7A4F7556}") = "EFCore", "EFCore\EFCore.csproj", "{4EFAF4FC-4412-4422-A1CC-84E25E85C37D}"
EndProject
Global
	GlobalSection(SolutionConfigurationPlatforms) = preSolution
		Debug|Any CPU = Debug|Any CPU
		Release|Any CPU = Release|Any CPU
	EndGlobalSection
	GlobalSection(ProjectConfigurationPlatforms) = postSolution
		{A118A00F-9152-4D67-BBE6-07DF6B62BCC8}.Debug|Any CPU.ActiveCfg = Debug|Any CPU
		{A118A00F-9152-4D67-BBE6-07DF6B62BCC8}.Debug|Any CPU.Build.0 = Debug|Any CPU
		{A118A00F-9152-4D67-BBE6-07DF6B62BCC8}.Release|Any CPU.ActiveCfg = Release|Any CPU
		{A118A00F-9152-4D67-BBE6-07DF6B62BCC8}.Release|Any CPU.Build.0 = Release|Any CPU
		{D55CDE1B-57F2-4208-ABD8-6A02DF918292}.Debug|Any CPU.ActiveCfg = Debug|Any CPU
		{D55CDE1B-57F2-4208-ABD8-6A02DF918292}.Debug|Any CPU.Build.0 = Debug|Any CPU
		{D55CDE1B-57F2-4208-ABD8-6A02DF918292}.Release|Any CPU.ActiveCfg = Release|Any CPU
		{D55CDE1B-57F2-4208-ABD8-6A02DF918292}.Release|Any CPU.Build.0 = Release|Any CPU
		{AD663800-A95F-455D-9D40-0AE5C9603A62}.Debug|Any CPU.ActiveCfg = Debug|Any CPU
		{AD663800-A95F-455D-9D40-0AE5C9603A62}.Debug|Any CPU.Build.0 = Debug|Any CPU
		{AD663800-A95F-455D-9D40-0AE5C9603A62}.Release|Any CPU.ActiveCfg = Release|Any CPU
		{AD663800-A95F-455D-9D40-0AE5C9603A62}.Release|Any CPU.Build.0 = Release|Any CPU
		{7A817590-31C3-4458-A7C0-F2DE42C196FA}.Debug|Any CPU.ActiveCfg = Debug|Any CPU
		{7A817590-31C3-4458-A7C0-F2DE42C196FA}.Debug|Any CPU.Build.0 = Debug|Any CPU
		{7A817590-31C3-4458-A7C0-F2DE42C196FA}.Release|Any CPU.ActiveCfg = Release|Any CPU
		{7A817590-31C3-4458-A7C0-F2DE42C196FA}.Release|Any CPU.Build.0 = Release|Any CPU
		{7D44A6D8-06A4-41A4-B237-5F79F36FA2F3}.Debug|Any CPU.ActiveCfg = Debug|Any CPU
		{7D44A6D8-06A4-41A4-B237-5F79F36FA2F3}.Debug|Any CPU.Build.0 = Debug|Any CPU
		{7D44A6D8-06A4-41A4-B237-5F79F36FA2F3}.Release|Any CPU.ActiveCfg = Release|Any CPU
		{7D44A6D8-06A4-41A4-B237-5F79F36FA2F3}.Release|Any CPU.Build.0 = Release|Any CPU
		{4EFAF4FC-4412-4422-A1CC-84E25E85C37D}.Debug|Any CPU.ActiveCfg = Debug|Any CPU
		{4EFAF4FC-4412-4422-A1CC-84E25E85C37D}.Debug|Any CPU.Build.0 = Debug|Any CPU
		{4EFAF4FC-4412-4422-A1CC-84E25E85C37D}.Release|Any CPU.ActiveCfg = Release|Any CPU
		{4EFAF4FC-4412-4422-A1CC-84E25E85C37D}.Release|Any CPU.Build.0 = Release|Any CPU
	EndGlobalSection
	GlobalSection(SolutionProperties) = preSolution
		HideSolutionNode = FALSE
	EndGlobalSection
	GlobalSection(ExtensibilityGlobals) = postSolution
		SolutionGuid = {CD405FB2-14AA-410B-8C33-71EA290F74A5}
	EndGlobalSection
EndGlobal
